
Microsoft Visual Studio Solution File, Format Version 12.00
# Visual Studio 15
VisualStudioVersion = 15.0.27703.2047
MinimumVisualStudioVersion = 10.0.40219.1
Project("{9A19103F-16F7-4668-BE54-9A1E7A4F7556}") = "DependencyInjectionSample", "DependencyInjectionSample\DependencyInjectionSample.csproj", "{32A80273-16DF-499F-8909-8EAB7B4327B6}"
EndProject
Project("{9A19103F-16F7-4668-BE54-9A1E7A4F7556}") = "MiddlewareExtensibilitySample", "MiddlewareExtensibilitySample\MiddlewareExtensibilitySample.csproj", "{179FAC81-6942-43D2-958E-FCCA37C37C62}"
EndProject
Project("{9A19103F-16F7-4668-BE54-9A1E7A4F7556}") = "UseStaticFilesSample", "UseStaticFilesSample\UseStaticFilesSample.csproj", "{637294CD-4283-45B2-9C05-6976182C5466}"
EndProject
Project("{9A19103F-16F7-4668-BE54-9A1E7A4F7556}") = "SessionSample", "SessionSample\SessionSample.csproj", "{0F74CDF8-12E0-4E05-B2AF-381299694081}"
EndProject
Project("{9A19103F-16F7-4668-BE54-9A1E7A4F7556}") = "ErrorHandlingSample", "ErrorHandlingSample\ErrorHandlingSample.csproj", "{A8A4D655-B24E-4B02-8F7C-EFD2B9E42A8C}"
EndProject
Global
	GlobalSection(SolutionConfigurationPlatforms) = preSolution
		Debug|Any CPU = Debug|Any CPU
		Release|Any CPU = Release|Any CPU
	EndGlobalSection
	GlobalSection(ProjectConfigurationPlatforms) = postSolution
		{32A80273-16DF-499F-8909-8EAB7B4327B6}.Debug|Any CPU.ActiveCfg = Debug|Any CPU
		{32A80273-16DF-499F-8909-8EAB7B4327B6}.Debug|Any CPU.Build.0 = Debug|Any CPU
		{32A80273-16DF-499F-8909-8EAB7B4327B6}.Release|Any CPU.ActiveCfg = Release|Any CPU
		{32A80273-16DF-499F-8909-8EAB7B4327B6}.Release|Any CPU.Build.0 = Release|Any CPU
		{179FAC81-6942-43D2-958E-FCCA37C37C62}.Debug|Any CPU.ActiveCfg = Debug|Any CPU
		{179FAC81-6942-43D2-958E-FCCA37C37C62}.Debug|Any CPU.Build.0 = Debug|Any CPU
		{179FAC81-6942-43D2-958E-FCCA37C37C62}.Release|Any CPU.ActiveCfg = Release|Any CPU
		{179FAC81-6942-43D2-958E-FCCA37C37C62}.Release|Any CPU.Build.0 = Release|Any CPU
		{637294CD-4283-45B2-9C05-6976182C5466}.Debug|Any CPU.ActiveCfg = Debug|Any CPU
		{637294CD-4283-45B2-9C05-6976182C5466}.Debug|Any CPU.Build.0 = Debug|Any CPU
		{637294CD-4283-45B2-9C05-6976182C5466}.Release|Any CPU.ActiveCfg = Release|Any CPU
		{637294CD-4283-45B2-9C05-6976182C5466}.Release|Any CPU.Build.0 = Release|Any CPU
		{0F74CDF8-12E0-4E05-B2AF-381299694081}.Debug|Any CPU.ActiveCfg = Debug|Any CPU
		{0F74CDF8-12E0-4E05-B2AF-381299694081}.Debug|Any CPU.Build.0 = Debug|Any CPU
		{0F74CDF8-12E0-4E05-B2AF-381299694081}.Release|Any CPU.ActiveCfg = Release|Any CPU
		{0F74CDF8-12E0-4E05-B2AF-381299694081}.Release|Any CPU.Build.0 = Release|Any CPU
		{A8A4D655-B24E-4B02-8F7C-EFD2B9E42A8C}.Debug|Any CPU.ActiveCfg = Debug|Any CPU
		{A8A4D655-B24E-4B02-8F7C-EFD2B9E42A8C}.Debug|Any CPU.Build.0 = Debug|Any CPU
		{A8A4D655-B24E-4B02-8F7C-EFD2B9E42A8C}.Release|Any CPU.ActiveCfg = Release|Any CPU
		{A8A4D655-B24E-4B02-8F7C-EFD2B9E42A8C}.Release|Any CPU.Build.0 = Release|Any CPU
	EndGlobalSection
	GlobalSection(SolutionProperties) = preSolution
		HideSolutionNode = FALSE
	EndGlobalSection
	GlobalSection(ExtensibilityGlobals) = postSolution
		SolutionGuid = {60732300-D5F6-472E-AFB6-0293087D951C}
	EndGlobalSection
EndGlobal
